
Microsoft Visual Studio Solution File, Format Version 12.00
# Visual Studio 2013
VisualStudioVersion = 12.0.21005.1
MinimumVisualStudioVersion = 10.0.40219.1
Project("{FAE04EC0-301F-11D3-BF4B-00C04F79EFBC}") = "Main", "Main\Main.csproj", "{17F2CCBF-9E9E-4696-BD34-984514EE17F8}"
EndProject
Project("{FAE04EC0-301F-11D3-BF4B-00C04F79EFBC}") = "CommonControl", "CommonControl\CommonControl.csproj", "{807C02BF-DB5F-44A9-A70A-A5F1594FF5E8}"
EndProject
Project("{FAE04EC0-301F-11D3-BF4B-00C04F79EFBC}") = "CheckUpdate", "CheckUpdate\CheckUpdate\CheckUpdate.csproj", "{BD60F2AD-0AFB-4CAD-BE3C-026DC66A7221}"
EndProject
Project("{FAE04EC0-301F-11D3-BF4B-00C04F79EFBC}") = "HtmlCompiler", "HtmlCompiler\HtmlCompiler\HtmlCompiler.csproj", "{DA25FF4F-9FF6-433F-BC87-217DB0A064D6}"
EndProject
Project("{FAE04EC0-301F-11D3-BF4B-00C04F79EFBC}") = "DesktopColorPicker", "ColorPicker\ColorPicker\DesktopColorPicker.csproj", "{1C16501C-5F3A-4AA3-82EB-16A104FDE2E1}"
EndProject
Project("{FAE04EC0-301F-11D3-BF4B-00C04F79EFBC}") = "ShellFile", "ShellFile\ShellFile\ShellFile.csproj", "{15ECF343-E994-483E-9DE9-0058FD7E0BEE}"
EndProject
Project("{FAE04EC0-301F-11D3-BF4B-00C04F79EFBC}") = "DatabaseBackup", "DatabaseBackup\DatabaseBackup.csproj", "{1BC0B8DD-1BC4-4198-9F43-B33A3CA21E79}"
EndProject
Global
	GlobalSection(SolutionConfigurationPlatforms) = preSolution
		Debug|Any CPU = Debug|Any CPU
		Release|Any CPU = Release|Any CPU
	EndGlobalSection
	GlobalSection(ProjectConfigurationPlatforms) = postSolution
		{17F2CCBF-9E9E-4696-BD34-984514EE17F8}.Debug|Any CPU.ActiveCfg = Debug|Any CPU
		{17F2CCBF-9E9E-4696-BD34-984514EE17F8}.Debug|Any CPU.Build.0 = Debug|Any CPU
		{17F2CCBF-9E9E-4696-BD34-984514EE17F8}.Release|Any CPU.ActiveCfg = Release|Any CPU
		{17F2CCBF-9E9E-4696-BD34-984514EE17F8}.Release|Any CPU.Build.0 = Release|Any CPU
		{807C02BF-DB5F-44A9-A70A-A5F1594FF5E8}.Debug|Any CPU.ActiveCfg = Debug|Any CPU
		{807C02BF-DB5F-44A9-A70A-A5F1594FF5E8}.Debug|Any CPU.Build.0 = Debug|Any CPU
		{807C02BF-DB5F-44A9-A70A-A5F1594FF5E8}.Release|Any CPU.ActiveCfg = Release|Any CPU
		{807C02BF-DB5F-44A9-A70A-A5F1594FF5E8}.Release|Any CPU.Build.0 = Release|Any CPU
		{BD60F2AD-0AFB-4CAD-BE3C-026DC66A7221}.Debug|Any CPU.ActiveCfg = Debug|Any CPU
		{BD60F2AD-0AFB-4CAD-BE3C-026DC66A7221}.Debug|Any CPU.Build.0 = Debug|Any CPU
		{BD60F2AD-0AFB-4CAD-BE3C-026DC66A7221}.Release|Any CPU.ActiveCfg = Release|Any CPU
		{BD60F2AD-0AFB-4CAD-BE3C-026DC66A7221}.Release|Any CPU.Build.0 = Release|Any CPU
		{DA25FF4F-9FF6-433F-BC87-217DB0A064D6}.Debug|Any CPU.ActiveCfg = Debug|Any CPU
		{DA25FF4F-9FF6-433F-BC87-217DB0A064D6}.Debug|Any CPU.Build.0 = Debug|Any CPU
		{DA25FF4F-9FF6-433F-BC87-217DB0A064D6}.Release|Any CPU.ActiveCfg = Release|Any CPU
		{DA25FF4F-9FF6-433F-BC87-217DB0A064D6}.Release|Any CPU.Build.0 = Release|Any CPU
		{1C16501C-5F3A-4AA3-82EB-16A104FDE2E1}.Debug|Any CPU.ActiveCfg = Debug|Any CPU
		{1C16501C-5F3A-4AA3-82EB-16A104FDE2E1}.Debug|Any CPU.Build.0 = Debug|Any CPU
		{1C16501C-5F3A-4AA3-82EB-16A104FDE2E1}.Release|Any CPU.ActiveCfg = Release|Any CPU
		{1C16501C-5F3A-4AA3-82EB-16A104FDE2E1}.Release|Any CPU.Build.0 = Release|Any CPU
		{15ECF343-E994-483E-9DE9-0058FD7E0BEE}.Debug|Any CPU.ActiveCfg = Debug|Any CPU
		{15ECF343-E994-483E-9DE9-0058FD7E0BEE}.Debug|Any CPU.Build.0 = Debug|Any CPU
		{15ECF343-E994-483E-9DE9-0058FD7E0BEE}.Release|Any CPU.ActiveCfg = Release|Any CPU
		{15ECF343-E994-483E-9DE9-0058FD7E0BEE}.Release|Any CPU.Build.0 = Release|Any CPU
		{1BC0B8DD-1BC4-4198-9F43-B33A3CA21E79}.Debug|Any CPU.ActiveCfg = Debug|Any CPU
		{1BC0B8DD-1BC4-4198-9F43-B33A3CA21E79}.Debug|Any CPU.Build.0 = Debug|Any CPU
		{1BC0B8DD-1BC4-4198-9F43-B33A3CA21E79}.Release|Any CPU.ActiveCfg = Release|Any CPU
		{1BC0B8DD-1BC4-4198-9F43-B33A3CA21E79}.Release|Any CPU.Build.0 = Release|Any CPU
	EndGlobalSection
	GlobalSection(SolutionProperties) = preSolution
		HideSolutionNode = FALSE
	EndGlobalSection
EndGlobal
